
Microsoft Visual Studio Solution File, Format Version 12.00
# Visual Studio Version 16
VisualStudioVersion = 16.0.29519.87
MinimumVisualStudioVersion = 10.0.40219.1
Project("{9A19103F-16F7-4668-BE54-9A1E7A4F7556}") = "TDDWorkshop", "TDDWorkshop\TDDWorkshop.csproj", "{56C410C6-BF07-44B2-8DA9-34BF6B781851}"
EndProject
Project("{9A19103F-16F7-4668-BE54-9A1E7A4F7556}") = "UnitTest", "UnitTest\UnitTest.csproj", "{5BB78997-6284-4E14-8D79-EF4075A6182C}"
EndProject
Project("{FAE04EC0-301F-11D3-BF4B-00C04F79EFBC}") = "ExamplesForUnitTesting", "UnitTestExamples\ExamplesForUnitTesting.csproj", "{8F106346-EE95-436E-AC89-8D45AE49885D}"
EndProject
Global
	GlobalSection(SolutionConfigurationPlatforms) = preSolution
		Debug|Any CPU = Debug|Any CPU
		Release|Any CPU = Release|Any CPU
	EndGlobalSection
	GlobalSection(ProjectConfigurationPlatforms) = postSolution
		{56C410C6-BF07-44B2-8DA9-34BF6B781851}.Debug|Any CPU.ActiveCfg = Debug|Any CPU
		{56C410C6-BF07-44B2-8DA9-34BF6B781851}.Debug|Any CPU.Build.0 = Debug|Any CPU
		{56C410C6-BF07-44B2-8DA9-34BF6B781851}.Release|Any CPU.ActiveCfg = Release|Any CPU
		{56C410C6-BF07-44B2-8DA9-34BF6B781851}.Release|Any CPU.Build.0 = Release|Any CPU
		{5BB78997-6284-4E14-8D79-EF4075A6182C}.Debug|Any CPU.ActiveCfg = Debug|Any CPU
		{5BB78997-6284-4E14-8D79-EF4075A6182C}.Debug|Any CPU.Build.0 = Debug|Any CPU
		{5BB78997-6284-4E14-8D79-EF4075A6182C}.Release|Any CPU.ActiveCfg = Release|Any CPU
		{5BB78997-6284-4E14-8D79-EF4075A6182C}.Release|Any CPU.Build.0 = Release|Any CPU
		{8F106346-EE95-436E-AC89-8D45AE49885D}.Debug|Any CPU.ActiveCfg = Debug|Any CPU
		{8F106346-EE95-436E-AC89-8D45AE49885D}.Debug|Any CPU.Build.0 = Debug|Any CPU
		{8F106346-EE95-436E-AC89-8D45AE49885D}.Release|Any CPU.ActiveCfg = Release|Any CPU
		{8F106346-EE95-436E-AC89-8D45AE49885D}.Release|Any CPU.Build.0 = Release|Any CPU
	EndGlobalSection
	GlobalSection(SolutionProperties) = preSolution
		HideSolutionNode = FALSE
	EndGlobalSection
	GlobalSection(ExtensibilityGlobals) = postSolution
		SolutionGuid = {2D77E1BF-14D6-4C0B-AF0C-6AC875C5E8F8}
	EndGlobalSection
EndGlobal
